
Microsoft Visual Studio Solution File, Format Version 12.00
# Visual Studio Version 17
VisualStudioVersion = 17.0.32014.148
MinimumVisualStudioVersion = 10.0.40219.1
Project("{FAE04EC0-301F-11D3-BF4B-00C04F79EFBC}") = "FixAholaPunchTimes", "FixAholaPunchTimes\FixAholaPunchTimes.csproj", "{FD9883BB-71FA-4FF5-9766-A973B9176625}"
EndProject
Global
	GlobalSection(SolutionConfigurationPlatforms) = preSolution
		Debug|Any CPU = Debug|Any CPU
		Release|Any CPU = Release|Any CPU
	EndGlobalSection
	GlobalSection(ProjectConfigurationPlatforms) = postSolution
		{FD9883BB-71FA-4FF5-9766-A973B9176625}.Debug|Any CPU.ActiveCfg = Debug|Any CPU
		{FD9883BB-71FA-4FF5-9766-A973B9176625}.Debug|Any CPU.Build.0 = Debug|Any CPU
		{FD9883BB-71FA-4FF5-9766-A973B9176625}.Release|Any CPU.ActiveCfg = Release|Any CPU
		{FD9883BB-71FA-4FF5-9766-A973B9176625}.Release|Any CPU.Build.0 = Release|Any CPU
	EndGlobalSection
	GlobalSection(SolutionProperties) = preSolution
		HideSolutionNode = FALSE
	EndGlobalSection
	GlobalSection(ExtensibilityGlobals) = postSolution
		SolutionGuid = {3AA997BD-4081-4ACE-BBA7-A10371F9F910}
	EndGlobalSection
EndGlobal
